// !$*UTF8*$!
{
	archiveVersion = 1;
	classes = {
	};
	objectVersion = 46;
	objects = {

/* Begin PBXBuildFile section */
		498CC5981EDF1D050023FA37 /* AppDelegate.swift in Sources */ = {isa = PBXBuildFile; fileRef = 498CC5971EDF1D050023FA37 /* AppDelegate.swift */; };
		498CC59A1EDF1D050023FA37 /* ViewController.swift in Sources */ = {isa = PBXBuildFile; fileRef = 498CC5991EDF1D050023FA37 /* ViewController.swift */; };
		498CC59D1EDF1D050023FA37 /* Main.storyboard in Resources */ = {isa = PBXBuildFile; fileRef = 498CC59B1EDF1D050023FA37 /* Main.storyboard */; };
		498CC59F1EDF1D050023FA37 /* Assets.xcassets in Resources */ = {isa = PBXBuildFile; fileRef = 498CC59E1EDF1D050023FA37 /* Assets.xcassets */; };
		498CC5A21EDF1D050023FA37 /* LaunchScreen.storyboard in Resources */ = {isa = PBXBuildFile; fileRef = 498CC5A01EDF1D050023FA37 /* LaunchScreen.storyboard */; };
		498CC5B01EDF2A420023FA37 /* ActionViewController.swift in Sources */ = {isa = PBXBuildFile; fileRef = 498CC5AF1EDF2A420023FA37 /* ActionViewController.swift */; };
		498CC5B31EDF2A420023FA37 /* MainInterface.storyboard in Resources */ = {isa = PBXBuildFile; fileRef = 498CC5B11EDF2A420023FA37 /* MainInterface.storyboard */; };
		498CC5B71EDF2A420023FA37 /* Extension.appex in Embed App Extensions */ = {isa = PBXBuildFile; fileRef = 498CC5AD1EDF2A420023FA37 /* Extension.appex */; settings = {ATTRIBUTES = (RemoveHeadersOnCopy, ); }; };
/* End PBXBuildFile section */

/* Begin PBXContainerItemProxy section */
		498CC5B51EDF2A420023FA37 /* PBXContainerItemProxy */ = {
			isa = PBXContainerItemProxy;
			containerPortal = 498CC58C1EDF1D050023FA37 /* Project object */;
			proxyType = 1;
			remoteGlobalIDString = 498CC5AC1EDF2A420023FA37;
			remoteInfo = Extension;
		};
/* End PBXContainerItemProxy section */

/* Begin PBXCopyFilesBuildPhase section */
		498CC5BB1EDF2A420023FA37 /* Embed App Extensions */ = {
			isa = PBXCopyFilesBuildPhase;
			buildActionMask = 2147483647;
			dstPath = "";
			dstSubfolderSpec = 13;
			files = (
				498CC5B71EDF2A420023FA37 /* Extension.appex in Embed App Extensions */,
			);
			name = "Embed App Extensions";
			runOnlyForDeploymentPostprocessing = 0;
		};
/* End PBXCopyFilesBuildPhase section */

/* Begin PBXFileReference section */
		498CC5941EDF1D050023FA37 /* JavaScript_Injection.app */ = {isa = PBXFileReference; explicitFileType = wrapper.application; includeInIndex = 0; path = JavaScript_Injection.app; sourceTree = BUILT_PRODUCTS_DIR; };
		498CC5971EDF1D050023FA37 /* AppDelegate.swift */ = {isa = PBXFileReference; lastKnownFileType = sourcecode.swift; path = AppDelegate.swift; sourceTree = "<group>"; };
		498CC5991EDF1D050023FA37 /* ViewController.swift */ = {isa = PBXFileReference; lastKnownFileType = sourcecode.swift; path = ViewController.swift; sourceTree = "<group>"; };
		498CC59C1EDF1D050023FA37 /* Base */ = {isa = PBXFileReference; lastKnownFileType = file.storyboard; name = Base; path = Base.lproj/Main.storyboard; sourceTree = "<group>"; };
		498CC59E1EDF1D050023FA37 /* Assets.xcassets */ = {isa = PBXFileReference; lastKnownFileType = folder.assetcatalog; path = Assets.xcassets; sourceTree = "<group>"; };
		498CC5A11EDF1D050023FA37 /* Base */ = {isa = PBXFileReference; lastKnownFileType = file.storyboard; name = Base; path = Base.lproj/LaunchScreen.storyboard; sourceTree = "<group>"; };
		498CC5A31EDF1D050023FA37 /* Info.plist */ = {isa = PBXFileReference; lastKnownFileType = text.plist.xml; path = Info.plist; sourceTree = "<group>"; };
		498CC5AD1EDF2A420023FA37 /* Extension.appex */ = {isa = PBXFileReference; explicitFileType = "wrapper.app-extension"; includeInIndex = 0; path = Extension.appex; sourceTree = BUILT_PRODUCTS_DIR; };
		498CC5AF1EDF2A420023FA37 /* ActionViewController.swift */ = {isa = PBXFileReference; lastKnownFileType = sourcecode.swift; path = ActionViewController.swift; sourceTree = "<group>"; };
		498CC5B21EDF2A420023FA37 /* Base */ = {isa = PBXFileReference; lastKnownFileType = file.storyboard; name = Base; path = Base.lproj/MainInterface.storyboard; sourceTree = "<group>"; };
		498CC5B41EDF2A420023FA37 /* Info.plist */ = {isa = PBXFileReference; lastKnownFileType = text.plist.xml; path = Info.plist; sourceTree = "<group>"; };
/* End PBXFileReference section */

/* Begin PBXFrameworksBuildPhase section */
		498CC5911EDF1D050023FA37 /* Frameworks */ = {
			isa = PBXFrameworksBuildPhase;
			buildActionMask = 2147483647;
			files = (
			);
			runOnlyForDeploymentPostprocessing = 0;
		};
		498CC5AA1EDF2A420023FA37 /* Frameworks */ = {
			isa = PBXFrameworksBuildPhase;
			buildActionMask = 2147483647;
			files = (
			);
			runOnlyForDeploymentPostprocessing = 0;
		};
/* End PBXFrameworksBuildPhase section */

/* Begin PBXGroup section */
		498CC58B1EDF1D050023FA37 = {
			isa = PBXGroup;
			children = (
				498CC5961EDF1D050023FA37 /* JavaScript_Injection */,
				498CC5AE1EDF2A420023FA37 /* Extension */,
				498CC5951EDF1D050023FA37 /* Products */,
			);
			sourceTree = "<group>";
		};
		498CC5951EDF1D050023FA37 /* Products */ = {
			isa = PBXGroup;
			children = (
				498CC5941EDF1D050023FA37 /* JavaScript_Injection.app */,
				498CC5AD1EDF2A420023FA37 /* Extension.appex */,
			);
			name = Products;
			sourceTree = "<group>";
		};
		498CC5961EDF1D050023FA37 /* JavaScript_Injection */ = {
			isa = PBXGroup;
			children = (
				498CC5971EDF1D050023FA37 /* AppDelegate.swift */,
				498CC5991EDF1D050023FA37 /* ViewController.swift */,
				498CC59B1EDF1D050023FA37 /* Main.storyboard */,
				498CC59E1EDF1D050023FA37 /* Assets.xcassets */,
				498CC5A01EDF1D050023FA37 /* LaunchScreen.storyboard */,
				498CC5A31EDF1D050023FA37 /* Info.plist */,
			);
			path = JavaScript_Injection;
			sourceTree = "<group>";
		};
		498CC5AE1EDF2A420023FA37 /* Extension */ = {
			isa = PBXGroup;
			children = (
				498CC5AF1EDF2A420023FA37 /* ActionViewController.swift */,
				498CC5B11EDF2A420023FA37 /* MainInterface.storyboard */,
				498CC5B41EDF2A420023FA37 /* Info.plist */,
			);
			path = Extension;
			sourceTree = "<group>";
		};
/* End PBXGroup section */

/* Begin PBXNativeTarget section */
		498CC5931EDF1D050023FA37 /* JavaScript_Injection */ = {
			isa = PBXNativeTarget;
			buildConfigurationList = 498CC5A61EDF1D050023FA37 /* Build configuration list for PBXNativeTarget "JavaScript_Injection" */;
			buildPhases = (
				498CC5901EDF1D050023FA37 /* Sources */,
				498CC5911EDF1D050023FA37 /* Frameworks */,
				498CC5921EDF1D050023FA37 /* Resources */,
				498CC5BB1EDF2A420023FA37 /* Embed App Extensions */,
			);
			buildRules = (
			);
			dependencies = (
				498CC5B61EDF2A420023FA37 /* PBXTargetDependency */,
			);
			name = JavaScript_Injection;
			productName = JavaScript_Injection;
			productReference = 498CC5941EDF1D050023FA37 /* JavaScript_Injection.app */;
			productType = "com.apple.product-type.application";
		};
		498CC5AC1EDF2A420023FA37 /* Extension */ = {
			isa = PBXNativeTarget;
			buildConfigurationList = 498CC5B81EDF2A420023FA37 /* Build configuration list for PBXNativeTarget "Extension" */;
			buildPhases = (
				498CC5A91EDF2A420023FA37 /* Sources */,
				498CC5AA1EDF2A420023FA37 /* Frameworks */,
				498CC5AB1EDF2A420023FA37 /* Resources */,
			);
			buildRules = (
			);
			dependencies = (
			);
			name = Extension;
			productName = Extension;
			productReference = 498CC5AD1EDF2A420023FA37 /* Extension.appex */;
			productType = "com.apple.product-type.app-extension";
		};
/* End PBXNativeTarget section */

/* Begin PBXProject section */
		498CC58C1EDF1D050023FA37 /* Project object */ = {
			isa = PBXProject;
			attributes = {
				LastSwiftUpdateCheck = 0820;
				LastUpgradeCheck = 0820;
				ORGANIZATIONNAME = "Owen Duignan";
				TargetAttributes = {
					498CC5931EDF1D050023FA37 = {
						CreatedOnToolsVersion = 8.2.1;
						DevelopmentTeam = 32BKXPEZZ6;
						ProvisioningStyle = Automatic;
					};
					498CC5AC1EDF2A420023FA37 = {
						CreatedOnToolsVersion = 8.2.1;
						DevelopmentTeam = 32BKXPEZZ6;
						ProvisioningStyle = Automatic;
					};
				};
			};
			buildConfigurationList = 498CC58F1EDF1D050023FA37 /* Build configuration list for PBXProject "JavaScript_Injection" */;
			compatibilityVersion = "Xcode 3.2";
			developmentRegion = English;
			hasScannedForEncodings = 0;
			knownRegions = (
				en,
				Base,
			);
			mainGroup = 498CC58B1EDF1D050023FA37;
			productRefGroup = 498CC5951EDF1D050023FA37 /* Products */;
			projectDirPath = "";
			projectRoot = "";
			targets = (
				498CC5931EDF1D050023FA37 /* JavaScript_Injection */,
				498CC5AC1EDF2A420023FA37 /* Extension */,
			);
		};
/* End PBXProject section */

/* Begin PBXResourcesBuildPhase section */
		498CC5921EDF1D050023FA37 /* Resources */ = {
			isa = PBXResourcesBuildPhase;
			buildActionMask = 2147483647;
			files = (
				498CC5A21EDF1D050023FA37 /* LaunchScreen.storyboard in Resources */,
				498CC59F1EDF1D050023FA37 /* Assets.xcassets in Resources */,
				498CC59D1EDF1D050023FA37 /* Main.storyboard in Resources */,
			);
			runOnlyForDeploymentPostprocessing = 0;
		};
		498CC5AB1EDF2A420023FA37 /* Resources */ = {
			isa = PBXResourcesBuildPhase;
			buildActionMask = 2147483647;
			files = (
				498CC5B31EDF2A420023FA37 /* MainInterface.storyboard in Resources */,
			);
			runOnlyForDeploymentPostprocessing = 0;
		};
/* End PBXResourcesBuildPhase section */

/* Begin PBXSourcesBuildPhase section */
		498CC5901EDF1D050023FA37 /* Sources */ = {
			isa = PBXSourcesBuildPhase;
			buildActionMask = 2147483647;
			files = (
				498CC59A1EDF1D050023FA37 /* ViewController.swift in Sources */,
				498CC5981EDF1D050023FA37 /* AppDelegate.swift in Sources */,
			);
			runOnlyForDeploymentPostprocessing = 0;
		};
		498CC5A91EDF2A420023FA37 /* Sources */ = {
			isa = PBXSourcesBuildPhase;
			buildActionMask = 2147483647;
			files = (
				498CC5B01EDF2A420023FA37 /* ActionViewController.swift in Sources */,
			);
			runOnlyForDeploymentPostprocessing = 0;
		};
/* End PBXSourcesBuildPhase section */

/* Begin PBXTargetDependency section */
		498CC5B61EDF2A420023FA37 /* PBXTargetDependency */ = {
			isa = PBXTargetDependency;
			target = 498CC5AC1EDF2A420023FA37 /* Extension */;
			targetProxy = 498CC5B51EDF2A420023FA37 /* PBXContainerItemProxy */;
		};
/* End PBXTargetDependency section */

/* Begin PBXVariantGroup section */
		498CC59B1EDF1D050023FA37 /* Main.storyboard */ = {
			isa = PBXVariantGroup;
			children = (
				498CC59C1EDF1D050023FA37 /* Base */,
			);
			name = Main.storyboard;
			sourceTree = "<group>";
		};
		498CC5A01EDF1D050023FA37 /* LaunchScreen.storyboard */ = {
			isa = PBXVariantGroup;
			children = (
				498CC5A11EDF1D050023FA37 /* Base */,
			);
			name = LaunchScreen.storyboard;
			sourceTree = "<group>";
		};
		498CC5B11EDF2A420023FA37 /* MainInterface.storyboard */ = {
			isa = PBXVariantGroup;
			children = (
				498CC5B21EDF2A420023FA37 /* Base */,
			);
			name = MainInterface.storyboard;
			sourceTree = "<group>";
		};
/* End PBXVariantGroup section */

/* Begin XCBuildConfiguration section */
		498CC5A41EDF1D050023FA37 /* Debug */ = {
			isa = XCBuildConfiguration;
			buildSettings = {
				ALWAYS_SEARCH_USER_PATHS = NO;
				CLANG_ANALYZER_NONNULL = YES;
				CLANG_CXX_LANGUAGE_STANDARD = "gnu++0x";
				CLANG_CXX_LIBRARY = "libc++";
				CLANG_ENABLE_MODULES = YES;
				CLANG_ENABLE_OBJC_ARC = YES;
				CLANG_WARN_BOOL_CONVERSION = YES;
				CLANG_WARN_CONSTANT_CONVERSION = YES;
				CLANG_WARN_DIRECT_OBJC_ISA_USAGE = YES_ERROR;
				CLANG_WARN_DOCUMENTATION_COMMENTS = YES;
				CLANG_WARN_EMPTY_BODY = YES;
				CLANG_WARN_ENUM_CONVERSION = YES;
				CLANG_WARN_INFINITE_RECURSION = YES;
				CLANG_WARN_INT_CONVERSION = YES;
				CLANG_WARN_OBJC_ROOT_CLASS = YES_ERROR;
				CLANG_WARN_SUSPICIOUS_MOVE = YES;
				CLANG_WARN_UNREACHABLE_CODE = YES;
				CLANG_WARN__DUPLICATE_METHOD_MATCH = YES;
				"CODE_SIGN_IDENTITY[sdk=iphoneos*]" = "iPhone Developer";
				COPY_PHASE_STRIP = NO;
				DEBUG_INFORMATION_FORMAT = dwarf;
				ENABLE_STRICT_OBJC_MSGSEND = YES;
				ENABLE_TESTABILITY = YES;
				GCC_C_LANGUAGE_STANDARD = gnu99;
				GCC_DYNAMIC_NO_PIC = NO;
				GCC_NO_COMMON_BLOCKS = YES;
				GCC_OPTIMIZATION_LEVEL = 0;
				GCC_PREPROCESSOR_DEFINITIONS = (
					"DEBUG=1",
					"$(inherited)",
				);
				GCC_WARN_64_TO_32_BIT_CONVERSION = YES;
				GCC_WARN_ABOUT_RETURN_TYPE = YES_ERROR;
				GCC_WARN_UNDECLARED_SELECTOR = YES;
				GCC_WARN_UNINITIALIZED_AUTOS = YES_AGGRESSIVE;
				GCC_WARN_UNUSED_FUNCTION = YES;
				GCC_WARN_UNUSED_VARIABLE = YES;
				IPHONEOS_DEPLOYMENT_TARGET = 10.2;
				MTL_ENABLE_DEBUG_INFO = YES;
				ONLY_ACTIVE_ARCH = YES;
				SDKROOT = iphoneos;
				SWIFT_ACTIVE_COMPILATION_CONDITIONS = DEBUG;
				SWIFT_OPTIMIZATION_LEVEL = "-Onone";
			};
			name = Debug;
		};
		498CC5A51EDF1D050023FA37 /* Release */ = {
			isa = XCBuildConfiguration;
			buildSettings = {
				ALWAYS_SEARCH_USER_PATHS = NO;
				CLANG_ANALYZER_NONNULL = YES;
				CLANG_CXX_LANGUAGE_STANDARD = "gnu++0x";
				CLANG_CXX_LIBRARY = "libc++";
				CLANG_ENABLE_MODULES = YES;
				CLANG_ENABLE_OBJC_ARC = YES;
				CLANG_WARN_BOOL_CONVERSION = YES;
				CLANG_WARN_CONSTANT_CONVERSION = YES;
				CLANG_WARN_DIRECT_OBJC_ISA_USAGE = YES_ERROR;
				CLANG_WARN_DOCUMENTATION_COMMENTS = YES;
				CLANG_WARN_EMPTY_BODY = YES;
				CLANG_WARN_ENUM_CONVERSION = YES;
				CLANG_WARN_INFINITE_RECURSION = YES;
				CLANG_WARN_INT_CONVERSION = YES;
				CLANG_WARN_OBJC_ROOT_CLASS = YES_ERROR;
				CLANG_WARN_SUSPICIOUS_MOVE = YES;
				CLANG_WARN_UNREACHABLE_CODE = YES;
				CLANG_WARN__DUPLICATE_METHOD_MATCH = YES;
				"CODE_SIGN_IDENTITY[sdk=iphoneos*]" = "iPhone Developer";
				COPY_PHASE_STRIP = NO;
				DEBUG_INFORMATION_FORMAT = "dwarf-with-dsym";
				ENABLE_NS_ASSERTIONS = NO;
				ENABLE_STRICT_OBJC_MSGSEND = YES;
				GCC_C_LANGUAGE_STANDARD = gnu99;
				GCC_NO_COMMON_BLOCKS = YES;
				GCC_WARN_64_TO_32_BIT_CONVERSION = YES;
				GCC_WARN_ABOUT_RETURN_TYPE = YES_ERROR;
				GCC_WARN_UNDECLARED_SELECTOR = YES;
				GCC_WARN_UNINITIALIZED_AUTOS = YES_AGGRESSIVE;
				GCC_WARN_UNUSED_FUNCTION = YES;
				GCC_WARN_UNUSED_VARIABLE = YES;
				IPHONEOS_DEPLOYMENT_TARGET = 10.2;
				MTL_ENABLE_DEBUG_INFO = NO;
				SDKROOT = iphoneos;
				SWIFT_OPTIMIZATION_LEVEL = "-Owholemodule";
				VALIDATE_PRODUCT = YES;
			};
			name = Release;
		};
		498CC5A71EDF1D050023FA37 /* Debug */ = {
			isa = XCBuildConfiguration;
			buildSettings = {
				ALWAYS_EMBED_SWIFT_STANDARD_LIBRARIES = YES;
				ASSETCATALOG_COMPILER_APPICON_NAME = AppIcon;
				DEVELOPMENT_TEAM = 32BKXPEZZ6;
				INFOPLIST_FILE = JavaScript_Injection/Info.plist;
				LD_RUNPATH_SEARCH_PATHS = "$(inherited) @executable_path/Frameworks";
				PRODUCT_BUNDLE_IDENTIFIER = "com.owenduignan.JavaScript-Injection";
				PRODUCT_NAME = "$(TARGET_NAME)";
				SWIFT_VERSION = 3.0;
			};
			name = Debug;
		};
		498CC5A81EDF1D050023FA37 /* Release */ = {
			isa = XCBuildConfiguration;
			buildSettings = {
				ALWAYS_EMBED_SWIFT_STANDARD_LIBRARIES = YES;
				ASSETCATALOG_COMPILER_APPICON_NAME = AppIcon;
				DEVELOPMENT_TEAM = 32BKXPEZZ6;
				INFOPLIST_FILE = JavaScript_Injection/Info.plist;
				LD_RUNPATH_SEARCH_PATHS = "$(inherited) @executable_path/Frameworks";
				PRODUCT_BUNDLE_IDENTIFIER = "com.owenduignan.JavaScript-Injection";
				PRODUCT_NAME = "$(TARGET_NAME)";
				SWIFT_VERSION = 3.0;
			};
			name = Release;
		};
		498CC5B91EDF2A420023FA37 /* Debug */ = {
			isa = XCBuildConfiguration;
			buildSettings = {
				DEVELOPMENT_TEAM = 32BKXPEZZ6;
				INFOPLIST_FILE = Extension/Info.plist;
				LD_RUNPATH_SEARCH_PATHS = "$(inherited) @executable_path/Frameworks @executable_path/../../Frameworks";
				PRODUCT_BUNDLE_IDENTIFIER = "com.owenduignan.JavaScript-Injection.Extension";
				PRODUCT_NAME = "$(TARGET_NAME)";
				SKIP_INSTALL = YES;
				SWIFT_VERSION = 3.0;
			};
			name = Debug;
		};
		498CC5BA1EDF2A420023FA37 /* Release */ = {
			isa = XCBuildConfiguration;
			buildSettings = {
				DEVELOPMENT_TEAM = 32BKXPEZZ6;
				INFOPLIST_FILE = Extension/Info.plist;
				LD_RUNPATH_SEARCH_PATHS = "$(inherited) @executable_path/Frameworks @executable_path/../../Frameworks";
				PRODUCT_BUNDLE_IDENTIFIER = "com.owenduignan.JavaScript-Injection.Extension";
				PRODUCT_NAME = "$(TARGET_NAME)";
				SKIP_INSTALL = YES;
				SWIFT_VERSION = 3.0;
			};
			name = Release;
		};
/* End XCBuildConfiguration section */

/* Begin XCConfigurationList section */
		498CC58F1EDF1D050023FA37 /* Build configuration list for PBXProject "JavaScript_Injection" */ = {
			isa = XCConfigurationList;
			buildConfigurations = (
				498CC5A41EDF1D050023FA37 /* Debug */,
				498CC5A51EDF1D050023FA37 /* Release */,
			);
			defaultConfigurationIsVisible = 0;
			defaultConfigurationName = Release;
		};
		498CC5A61EDF1D050023FA37 /* Build configuration list for PBXNativeTarget "JavaScript_Injection" */ = {
			isa = XCConfigurationList;
			buildConfigurations = (
				498CC5A71EDF1D050023FA37 /* Debug */,
				498CC5A81EDF1D050023FA37 /* Release */,
			);
			defaultConfigurationIsVisible = 0;
		};
		498CC5B81EDF2A420023FA37 /* Build configuration list for PBXNativeTarget "Extension" */ = {
			isa = XCConfigurationList;
			buildConfigurations = (
				498CC5B91EDF2A420023FA37 /* Debug */,
				498CC5BA1EDF2A420023FA37 /* Release */,
			);
			defaultConfigurationIsVisible = 0;
		};
/* End XCConfigurationList section */
	};
	rootObject = 498CC58C1EDF1D050023FA37 /* Project object */;
}
